
Microsoft Visual Studio Solution File, Format Version 12.00
Project("{2150E333-8FDC-42A3-9474-1A3956D46DE8}") = "solution-files", "solution-files", "{E6AB1870-91FA-415F-B091-0E5793AC961A}"
	ProjectSection(SolutionItems) = preProject
		..\.gitignore = ..\.gitignore
		..\README.md = ..\README.md
		Nuget.Config = Nuget.Config
		Directory.Build.props = Directory.Build.props
		Directory.Packages.props = Directory.Packages.props
		docker-compose.env = docker-compose.env
		docker-compose.yml = docker-compose.yml
	EndProjectSection
EndProject
Project("{2150E333-8FDC-42A3-9474-1A3956D46DE8}") = "automated-tests", "automated-tests", "{0F97374D-45DB-4F78-905D-07A96CA2057F}"
EndProject
Project("{2150E333-8FDC-42A3-9474-1A3956D46DE8}") = "deployment-units", "deployment-units", "{74D4AB3E-1584-45CB-B683-3507C4CFE299}"
EndProject
Project("{2150E333-8FDC-42A3-9474-1A3956D46DE8}") = "Server", "Server", "{00C31373-91B2-410A-A8B7-F66F7CD51708}"
EndProject
Project("{2150E333-8FDC-42A3-9474-1A3956D46DE8}") = "Clients", "Clients", "{E67A783E-2FE1-48CE-831B-282A93B909F0}"
EndProject
Project("{2150E333-8FDC-42A3-9474-1A3956D46DE8}") = "Server", "Server", "{A1A36C28-07E6-47EB-B3F4-D3B39D1116A3}"
EndProject
Project("{2150E333-8FDC-42A3-9474-1A3956D46DE8}") = "Clients", "Clients", "{A8D5940E-5887-46F8-B85A-5210A2E2A2FC}"
EndProject
Project("{2150E333-8FDC-42A3-9474-1A3956D46DE8}") = "Controllers", "Controllers", "{D3B456F8-34CA-4F60-8BFC-4794EED8D9A7}"
EndProject
Project("{2150E333-8FDC-42A3-9474-1A3956D46DE8}") = "DataAccess", "DataAccess", "{B2F8D186-415B-4F36-BCDC-D13A1159B8C2}"
EndProject
Project("{2150E333-8FDC-42A3-9474-1A3956D46DE8}") = "Logic", "Logic", "{A7B2EEF8-045E-4473-9DE2-6452F5E14CE3}"
EndProject
Project("{2150E333-8FDC-42A3-9474-1A3956D46DE8}") = "Controllers", "Controllers", "{FCC26FAC-D27A-4E9C-97AB-225E3131FA52}"
EndProject
Project("{2150E333-8FDC-42A3-9474-1A3956D46DE8}") = "Logic", "Logic", "{AC836D28-30FD-48CE-935B-B2579659269B}"
EndProject
Project("{2150E333-8FDC-42A3-9474-1A3956D46DE8}") = "DataAccess", "DataAccess", "{076FD41B-864B-4BA2-87C7-E3FD6B5373B7}"
EndProject
Project("{2150E333-8FDC-42A3-9474-1A3956D46DE8}") = "workflows", "workflows", "{D9C36E6D-BB01-4A65-8727-C12A7DEE861C}"
	ProjectSection(SolutionItems) = preProject
		..\.github\workflows\sonarqube.yaml = ..\.github\workflows\sonarqube.yaml
		..\.github\workflows\publish-api-grpc.yaml = ..\.github\workflows\publish-api-grpc.yaml
	EndProjectSection
EndProject
Project("{FAE04EC0-301F-11D3-BF4B-00C04F79EFBC}") = "Api.Grpc", "Server.Controllers.Api.Grpc\Api.Grpc.csproj", "{C3AFAE1F-DDC9-4DB1-931D-1B934F9C9DF7}"
EndProject
Global
	GlobalSection(SolutionConfigurationPlatforms) = preSolution
		Debug|Any CPU = Debug|Any CPU
		Release|Any CPU = Release|Any CPU
	EndGlobalSection
	GlobalSection(NestedProjects) = preSolution
		{00C31373-91B2-410A-A8B7-F66F7CD51708} = {74D4AB3E-1584-45CB-B683-3507C4CFE299}
		{E67A783E-2FE1-48CE-831B-282A93B909F0} = {74D4AB3E-1584-45CB-B683-3507C4CFE299}
		{A1A36C28-07E6-47EB-B3F4-D3B39D1116A3} = {0F97374D-45DB-4F78-905D-07A96CA2057F}
		{A8D5940E-5887-46F8-B85A-5210A2E2A2FC} = {0F97374D-45DB-4F78-905D-07A96CA2057F}
		{D3B456F8-34CA-4F60-8BFC-4794EED8D9A7} = {00C31373-91B2-410A-A8B7-F66F7CD51708}
		{B2F8D186-415B-4F36-BCDC-D13A1159B8C2} = {00C31373-91B2-410A-A8B7-F66F7CD51708}
		{A7B2EEF8-045E-4473-9DE2-6452F5E14CE3} = {00C31373-91B2-410A-A8B7-F66F7CD51708}
		{FCC26FAC-D27A-4E9C-97AB-225E3131FA52} = {A1A36C28-07E6-47EB-B3F4-D3B39D1116A3}
		{AC836D28-30FD-48CE-935B-B2579659269B} = {A1A36C28-07E6-47EB-B3F4-D3B39D1116A3}
		{076FD41B-864B-4BA2-87C7-E3FD6B5373B7} = {A1A36C28-07E6-47EB-B3F4-D3B39D1116A3}
		{D9C36E6D-BB01-4A65-8727-C12A7DEE861C} = {E6AB1870-91FA-415F-B091-0E5793AC961A}
		{C3AFAE1F-DDC9-4DB1-931D-1B934F9C9DF7} = {D3B456F8-34CA-4F60-8BFC-4794EED8D9A7}
	EndGlobalSection
	GlobalSection(ProjectConfigurationPlatforms) = postSolution
		{C3AFAE1F-DDC9-4DB1-931D-1B934F9C9DF7}.Debug|Any CPU.ActiveCfg = Debug|Any CPU
		{C3AFAE1F-DDC9-4DB1-931D-1B934F9C9DF7}.Debug|Any CPU.Build.0 = Debug|Any CPU
		{C3AFAE1F-DDC9-4DB1-931D-1B934F9C9DF7}.Release|Any CPU.ActiveCfg = Release|Any CPU
		{C3AFAE1F-DDC9-4DB1-931D-1B934F9C9DF7}.Release|Any CPU.Build.0 = Release|Any CPU
	EndGlobalSection
EndGlobal
