
Microsoft Visual Studio Solution File, Format Version 12.00
Project("{2150E333-8FDC-42A3-9474-1A3956D46DE8}") = "solution-files", "solution-files", "{E6AB1870-91FA-415F-B091-0E5793AC961A}"
	ProjectSection(SolutionItems) = preProject
		..\.gitignore = ..\.gitignore
		..\README.md = ..\README.md
		..\CODE_OF_CONDUCT.md = ..\CODE_OF_CONDUCT.md
		..\CONTRIBUTING.md = ..\CONTRIBUTING.md
		..\LICENSE = ..\LICENSE
		..\SECURITY.md = ..\SECURITY.md
	EndProjectSection
EndProject
Project("{2150E333-8FDC-42A3-9474-1A3956D46DE8}") = "automated-tests", "automated-tests", "{0F97374D-45DB-4F78-905D-07A96CA2057F}"
EndProject
Project("{2150E333-8FDC-42A3-9474-1A3956D46DE8}") = "deployment-units", "deployment-units", "{74D4AB3E-1584-45CB-B683-3507C4CFE299}"
EndProject
Project("{2150E333-8FDC-42A3-9474-1A3956D46DE8}") = "Server", "Server", "{00C31373-91B2-410A-A8B7-F66F7CD51708}"
EndProject
Project("{2150E333-8FDC-42A3-9474-1A3956D46DE8}") = "Clients", "Clients", "{E67A783E-2FE1-48CE-831B-282A93B909F0}"
EndProject
Project("{2150E333-8FDC-42A3-9474-1A3956D46DE8}") = "Server", "Server", "{A1A36C28-07E6-47EB-B3F4-D3B39D1116A3}"
EndProject
Project("{2150E333-8FDC-42A3-9474-1A3956D46DE8}") = "Clients", "Clients", "{A8D5940E-5887-46F8-B85A-5210A2E2A2FC}"
EndProject
Project("{2150E333-8FDC-42A3-9474-1A3956D46DE8}") = "Controllers", "Controllers", "{D3B456F8-34CA-4F60-8BFC-4794EED8D9A7}"
EndProject
Project("{2150E333-8FDC-42A3-9474-1A3956D46DE8}") = "DataAccess", "DataAccess", "{B2F8D186-415B-4F36-BCDC-D13A1159B8C2}"
EndProject
Project("{2150E333-8FDC-42A3-9474-1A3956D46DE8}") = "Logic", "Logic", "{A7B2EEF8-045E-4473-9DE2-6452F5E14CE3}"
EndProject
Project("{2150E333-8FDC-42A3-9474-1A3956D46DE8}") = "Controllers", "Controllers", "{FCC26FAC-D27A-4E9C-97AB-225E3131FA52}"
EndProject
Project("{2150E333-8FDC-42A3-9474-1A3956D46DE8}") = "Logic", "Logic", "{AC836D28-30FD-48CE-935B-B2579659269B}"
EndProject
Project("{2150E333-8FDC-42A3-9474-1A3956D46DE8}") = "DataAccess", "DataAccess", "{076FD41B-864B-4BA2-87C7-E3FD6B5373B7}"
EndProject
Project("{2150E333-8FDC-42A3-9474-1A3956D46DE8}") = "workflows", "workflows", "{D9C36E6D-BB01-4A65-8727-C12A7DEE861C}"
	ProjectSection(SolutionItems) = preProject
		..\.github\workflows\sonarqube.yaml = ..\.github\workflows\sonarqube.yaml
		..\.github\workflows\publish-api-grpc.yaml = ..\.github\workflows\publish-api-grpc.yaml
		..\.github\workflows\publish-viewer-bff.yaml = ..\.github\workflows\publish-viewer-bff.yaml
		..\.github\workflows\publish-viewer-web.yaml = ..\.github\workflows\publish-viewer-web.yaml
		..\.github\workflows\publish-admin-bff.yaml = ..\.github\workflows\publish-admin-bff.yaml
		..\.github\workflows\publish-admin-web.yaml = ..\.github\workflows\publish-admin-web.yaml
		..\.github\workflows\publish-api-message-bus.yaml = ..\.github\workflows\publish-api-message-bus.yaml
	EndProjectSection
EndProject
Project("{FAE04EC0-301F-11D3-BF4B-00C04F79EFBC}") = "Api.Grpc", "Server.Controllers.Api.Grpc\Api.Grpc.csproj", "{C3AFAE1F-DDC9-4DB1-931D-1B934F9C9DF7}"
EndProject
Project("{2150E333-8FDC-42A3-9474-1A3956D46DE8}") = "Admin", "Admin", "{AD870EB2-89A9-471C-A5CB-C95FA4D917BC}"
EndProject
Project("{2150E333-8FDC-42A3-9474-1A3956D46DE8}") = "Viewer", "Viewer", "{BBAAA2F8-0C03-4EAF-B64F-B326EB7E72B4}"
EndProject
Project("{FAE04EC0-301F-11D3-BF4B-00C04F79EFBC}") = "Viewer.Bff", "Clients.Viewer.Bff\Viewer.Bff.csproj", "{59B07BAE-0FBE-4A9A-B0BF-C9FBF81B4245}"
EndProject
Project("{FAE04EC0-301F-11D3-BF4B-00C04F79EFBC}") = "Viewer.Mobile", "Clients.Viewer.Mobile\Viewer.Mobile.csproj", "{0CE845E9-D089-4018-B12B-11D5E310E962}"
EndProject
Project("{FAE04EC0-301F-11D3-BF4B-00C04F79EFBC}") = "Viewer.Web", "Clients.Viewer.Web\Viewer.Web.csproj", "{BF83B416-F1EB-48CB-8A80-347FB229C2FD}"
EndProject
Project("{FAE04EC0-301F-11D3-BF4B-00C04F79EFBC}") = "Admin.Bff", "Clients.Admin.Bff\Admin.Bff.csproj", "{B2A225CB-511D-4037-A999-06BDB5682FB4}"
EndProject
Project("{FAE04EC0-301F-11D3-BF4B-00C04F79EFBC}") = "Admin.Web", "Clients.Admin.Web\Admin.Web.csproj", "{9F4EC5A6-0F34-4029-80E4-3F55CECB87DE}"
EndProject
Project("{2150E333-8FDC-42A3-9474-1A3956D46DE8}") = "templates", "templates", "{979A570E-B1D8-4DF6-9368-4F11087B9349}"
	ProjectSection(SolutionItems) = preProject
		..\.github\pull_request_template.md = ..\.github\pull_request_template.md
		..\.github\ISSUE_TEMPLATE\bug_report.md = ..\.github\ISSUE_TEMPLATE\bug_report.md
		..\.github\ISSUE_TEMPLATE\feature_request.md = ..\.github\ISSUE_TEMPLATE\feature_request.md
	EndProjectSection
EndProject
Project("{2150E333-8FDC-42A3-9474-1A3956D46DE8}") = "code", "code", "{941D883C-384C-427B-9266-CC0719AEFFDB}"
	ProjectSection(SolutionItems) = preProject
		Directory.Build.props = Directory.Build.props
		Directory.Packages.props = Directory.Packages.props
		docker-compose.env = docker-compose.env
		docker-compose.yml = docker-compose.yml
		Nuget.Config = Nuget.Config
	EndProjectSection
EndProject
Project("{2150E333-8FDC-42A3-9474-1A3956D46DE8}") = "docs", "docs", "{D7968674-C415-4231-B919-69E19305BAD2}"
	ProjectSection(SolutionItems) = preProject
		..\docs\version.md = ..\docs\version.md
		..\docs\kubernetes.md = ..\docs\kubernetes.md
		..\docs\dns.md = ..\docs\dns.md
		..\docs\server.md = ..\docs\server.md
		..\docs\setup.md = ..\docs\setup.md
	EndProjectSection
EndProject
Project("{FAE04EC0-301F-11D3-BF4B-00C04F79EFBC}") = "DefaultStyle", "Clients.DefaultStyle\DefaultStyle.csproj", "{F97B03DB-2196-4E50-9211-C4D65A1D1A56}"
EndProject
Project("{FAE04EC0-301F-11D3-BF4B-00C04F79EFBC}") = "Viewer.Shared", "Clients.Viewer.Shared\Viewer.Shared.csproj", "{2FFBF41F-559A-4EBC-9E2D-746FA6CFCEF6}"
EndProject
Project("{FAE04EC0-301F-11D3-BF4B-00C04F79EFBC}") = "Api.MessageBus", "Server.Controllers.Api.MessageBus\Api.MessageBus.csproj", "{92E686EE-A916-494A-A6E3-CC7B89E12E6A}"
EndProject
Project("{FAE04EC0-301F-11D3-BF4B-00C04F79EFBC}") = "Api.Grpc.IntegrationTests", "Server.Controllers.Api.Grpc.IntegrationTests\Api.Grpc.IntegrationTests.csproj", "{2312404C-3D81-4942-84E9-1BEE99BC92BA}"
EndProject
Project("{FAE04EC0-301F-11D3-BF4B-00C04F79EFBC}") = "Api.MessageBus.IntegrationTests", "Server.Controller.Api.MessageBus.IntegrationTests\Api.MessageBus.IntegrationTests.csproj", "{CBD2D0B8-49D0-4951-9511-74152FEC8A3F}"
EndProject
Project("{2150E333-8FDC-42A3-9474-1A3956D46DE8}") = "Admin", "Admin", "{3A4CBE5B-7767-48D2-888C-B26D8DE50F1B}"
EndProject
Project("{2150E333-8FDC-42A3-9474-1A3956D46DE8}") = "Viewer", "Viewer", "{766C958F-70F5-4901-80C7-CA586DB93AFC}"
EndProject
Project("{FAE04EC0-301F-11D3-BF4B-00C04F79EFBC}") = "Admin.Bff.IntegrationTests", "Clients.Admin.Bff.IntegrationTests\Admin.Bff.IntegrationTests.csproj", "{84EF736D-8B49-4B8B-8319-E28B71B483D2}"
EndProject
Project("{FAE04EC0-301F-11D3-BF4B-00C04F79EFBC}") = "Clients.Viewer.Bff.IntegrationTests", "Clients.Viewer.Bff.IntegrationTests\Clients.Viewer.Bff.IntegrationTests.csproj", "{8E9BB031-53C2-4596-9263-9B6E2DE047AD}"
EndProject
Project("{FAE04EC0-301F-11D3-BF4B-00C04F79EFBC}") = "MadWorldNL.AspNetCore", "MadWorldNL.AspNetCore\MadWorldNL.AspNetCore.csproj", "{0A7B29AB-26C2-450E-BDDD-BA9630102056}"
EndProject
Global
	GlobalSection(SolutionConfigurationPlatforms) = preSolution
		Debug|Any CPU = Debug|Any CPU
		Release|Any CPU = Release|Any CPU
	EndGlobalSection
	GlobalSection(NestedProjects) = preSolution
		{00C31373-91B2-410A-A8B7-F66F7CD51708} = {74D4AB3E-1584-45CB-B683-3507C4CFE299}
		{E67A783E-2FE1-48CE-831B-282A93B909F0} = {74D4AB3E-1584-45CB-B683-3507C4CFE299}
		{A1A36C28-07E6-47EB-B3F4-D3B39D1116A3} = {0F97374D-45DB-4F78-905D-07A96CA2057F}
		{A8D5940E-5887-46F8-B85A-5210A2E2A2FC} = {0F97374D-45DB-4F78-905D-07A96CA2057F}
		{D3B456F8-34CA-4F60-8BFC-4794EED8D9A7} = {00C31373-91B2-410A-A8B7-F66F7CD51708}
		{B2F8D186-415B-4F36-BCDC-D13A1159B8C2} = {00C31373-91B2-410A-A8B7-F66F7CD51708}
		{A7B2EEF8-045E-4473-9DE2-6452F5E14CE3} = {00C31373-91B2-410A-A8B7-F66F7CD51708}
		{FCC26FAC-D27A-4E9C-97AB-225E3131FA52} = {A1A36C28-07E6-47EB-B3F4-D3B39D1116A3}
		{AC836D28-30FD-48CE-935B-B2579659269B} = {A1A36C28-07E6-47EB-B3F4-D3B39D1116A3}
		{076FD41B-864B-4BA2-87C7-E3FD6B5373B7} = {A1A36C28-07E6-47EB-B3F4-D3B39D1116A3}
		{D9C36E6D-BB01-4A65-8727-C12A7DEE861C} = {E6AB1870-91FA-415F-B091-0E5793AC961A}
		{C3AFAE1F-DDC9-4DB1-931D-1B934F9C9DF7} = {D3B456F8-34CA-4F60-8BFC-4794EED8D9A7}
		{AD870EB2-89A9-471C-A5CB-C95FA4D917BC} = {E67A783E-2FE1-48CE-831B-282A93B909F0}
		{BBAAA2F8-0C03-4EAF-B64F-B326EB7E72B4} = {E67A783E-2FE1-48CE-831B-282A93B909F0}
		{59B07BAE-0FBE-4A9A-B0BF-C9FBF81B4245} = {BBAAA2F8-0C03-4EAF-B64F-B326EB7E72B4}
		{0CE845E9-D089-4018-B12B-11D5E310E962} = {BBAAA2F8-0C03-4EAF-B64F-B326EB7E72B4}
		{BF83B416-F1EB-48CB-8A80-347FB229C2FD} = {BBAAA2F8-0C03-4EAF-B64F-B326EB7E72B4}
		{B2A225CB-511D-4037-A999-06BDB5682FB4} = {AD870EB2-89A9-471C-A5CB-C95FA4D917BC}
		{9F4EC5A6-0F34-4029-80E4-3F55CECB87DE} = {AD870EB2-89A9-471C-A5CB-C95FA4D917BC}
		{979A570E-B1D8-4DF6-9368-4F11087B9349} = {E6AB1870-91FA-415F-B091-0E5793AC961A}
		{941D883C-384C-427B-9266-CC0719AEFFDB} = {E6AB1870-91FA-415F-B091-0E5793AC961A}
		{D7968674-C415-4231-B919-69E19305BAD2} = {E6AB1870-91FA-415F-B091-0E5793AC961A}
		{F97B03DB-2196-4E50-9211-C4D65A1D1A56} = {E67A783E-2FE1-48CE-831B-282A93B909F0}
		{2FFBF41F-559A-4EBC-9E2D-746FA6CFCEF6} = {BBAAA2F8-0C03-4EAF-B64F-B326EB7E72B4}
		{92E686EE-A916-494A-A6E3-CC7B89E12E6A} = {D3B456F8-34CA-4F60-8BFC-4794EED8D9A7}
		{2312404C-3D81-4942-84E9-1BEE99BC92BA} = {FCC26FAC-D27A-4E9C-97AB-225E3131FA52}
		{CBD2D0B8-49D0-4951-9511-74152FEC8A3F} = {FCC26FAC-D27A-4E9C-97AB-225E3131FA52}
		{3A4CBE5B-7767-48D2-888C-B26D8DE50F1B} = {A8D5940E-5887-46F8-B85A-5210A2E2A2FC}
		{766C958F-70F5-4901-80C7-CA586DB93AFC} = {A8D5940E-5887-46F8-B85A-5210A2E2A2FC}
		{84EF736D-8B49-4B8B-8319-E28B71B483D2} = {3A4CBE5B-7767-48D2-888C-B26D8DE50F1B}
		{8E9BB031-53C2-4596-9263-9B6E2DE047AD} = {766C958F-70F5-4901-80C7-CA586DB93AFC}
		{0A7B29AB-26C2-450E-BDDD-BA9630102056} = {74D4AB3E-1584-45CB-B683-3507C4CFE299}
	EndGlobalSection
	GlobalSection(ProjectConfigurationPlatforms) = postSolution
		{C3AFAE1F-DDC9-4DB1-931D-1B934F9C9DF7}.Debug|Any CPU.ActiveCfg = Debug|Any CPU
		{C3AFAE1F-DDC9-4DB1-931D-1B934F9C9DF7}.Debug|Any CPU.Build.0 = Debug|Any CPU
		{C3AFAE1F-DDC9-4DB1-931D-1B934F9C9DF7}.Release|Any CPU.ActiveCfg = Release|Any CPU
		{C3AFAE1F-DDC9-4DB1-931D-1B934F9C9DF7}.Release|Any CPU.Build.0 = Release|Any CPU
		{59B07BAE-0FBE-4A9A-B0BF-C9FBF81B4245}.Debug|Any CPU.ActiveCfg = Debug|Any CPU
		{59B07BAE-0FBE-4A9A-B0BF-C9FBF81B4245}.Debug|Any CPU.Build.0 = Debug|Any CPU
		{59B07BAE-0FBE-4A9A-B0BF-C9FBF81B4245}.Release|Any CPU.ActiveCfg = Release|Any CPU
		{59B07BAE-0FBE-4A9A-B0BF-C9FBF81B4245}.Release|Any CPU.Build.0 = Release|Any CPU
		{0CE845E9-D089-4018-B12B-11D5E310E962}.Debug|Any CPU.ActiveCfg = Debug|Any CPU
		{0CE845E9-D089-4018-B12B-11D5E310E962}.Debug|Any CPU.Build.0 = Debug|Any CPU
		{0CE845E9-D089-4018-B12B-11D5E310E962}.Release|Any CPU.ActiveCfg = Release|Any CPU
		{0CE845E9-D089-4018-B12B-11D5E310E962}.Release|Any CPU.Build.0 = Release|Any CPU
		{BF83B416-F1EB-48CB-8A80-347FB229C2FD}.Debug|Any CPU.ActiveCfg = Debug|Any CPU
		{BF83B416-F1EB-48CB-8A80-347FB229C2FD}.Debug|Any CPU.Build.0 = Debug|Any CPU
		{BF83B416-F1EB-48CB-8A80-347FB229C2FD}.Release|Any CPU.ActiveCfg = Release|Any CPU
		{BF83B416-F1EB-48CB-8A80-347FB229C2FD}.Release|Any CPU.Build.0 = Release|Any CPU
		{B2A225CB-511D-4037-A999-06BDB5682FB4}.Debug|Any CPU.ActiveCfg = Debug|Any CPU
		{B2A225CB-511D-4037-A999-06BDB5682FB4}.Debug|Any CPU.Build.0 = Debug|Any CPU
		{B2A225CB-511D-4037-A999-06BDB5682FB4}.Release|Any CPU.ActiveCfg = Release|Any CPU
		{B2A225CB-511D-4037-A999-06BDB5682FB4}.Release|Any CPU.Build.0 = Release|Any CPU
		{9F4EC5A6-0F34-4029-80E4-3F55CECB87DE}.Debug|Any CPU.ActiveCfg = Debug|Any CPU
		{9F4EC5A6-0F34-4029-80E4-3F55CECB87DE}.Debug|Any CPU.Build.0 = Debug|Any CPU
		{9F4EC5A6-0F34-4029-80E4-3F55CECB87DE}.Release|Any CPU.ActiveCfg = Release|Any CPU
		{9F4EC5A6-0F34-4029-80E4-3F55CECB87DE}.Release|Any CPU.Build.0 = Release|Any CPU
		{F97B03DB-2196-4E50-9211-C4D65A1D1A56}.Debug|Any CPU.ActiveCfg = Debug|Any CPU
		{F97B03DB-2196-4E50-9211-C4D65A1D1A56}.Debug|Any CPU.Build.0 = Debug|Any CPU
		{F97B03DB-2196-4E50-9211-C4D65A1D1A56}.Release|Any CPU.ActiveCfg = Release|Any CPU
		{F97B03DB-2196-4E50-9211-C4D65A1D1A56}.Release|Any CPU.Build.0 = Release|Any CPU
		{2FFBF41F-559A-4EBC-9E2D-746FA6CFCEF6}.Debug|Any CPU.ActiveCfg = Debug|Any CPU
		{2FFBF41F-559A-4EBC-9E2D-746FA6CFCEF6}.Debug|Any CPU.Build.0 = Debug|Any CPU
		{2FFBF41F-559A-4EBC-9E2D-746FA6CFCEF6}.Release|Any CPU.ActiveCfg = Release|Any CPU
		{2FFBF41F-559A-4EBC-9E2D-746FA6CFCEF6}.Release|Any CPU.Build.0 = Release|Any CPU
		{92E686EE-A916-494A-A6E3-CC7B89E12E6A}.Debug|Any CPU.ActiveCfg = Debug|Any CPU
		{92E686EE-A916-494A-A6E3-CC7B89E12E6A}.Debug|Any CPU.Build.0 = Debug|Any CPU
		{92E686EE-A916-494A-A6E3-CC7B89E12E6A}.Release|Any CPU.ActiveCfg = Release|Any CPU
		{92E686EE-A916-494A-A6E3-CC7B89E12E6A}.Release|Any CPU.Build.0 = Release|Any CPU
		{2312404C-3D81-4942-84E9-1BEE99BC92BA}.Debug|Any CPU.ActiveCfg = Debug|Any CPU
		{2312404C-3D81-4942-84E9-1BEE99BC92BA}.Debug|Any CPU.Build.0 = Debug|Any CPU
		{2312404C-3D81-4942-84E9-1BEE99BC92BA}.Release|Any CPU.ActiveCfg = Release|Any CPU
		{2312404C-3D81-4942-84E9-1BEE99BC92BA}.Release|Any CPU.Build.0 = Release|Any CPU
		{CBD2D0B8-49D0-4951-9511-74152FEC8A3F}.Debug|Any CPU.ActiveCfg = Debug|Any CPU
		{CBD2D0B8-49D0-4951-9511-74152FEC8A3F}.Debug|Any CPU.Build.0 = Debug|Any CPU
		{CBD2D0B8-49D0-4951-9511-74152FEC8A3F}.Release|Any CPU.ActiveCfg = Release|Any CPU
		{CBD2D0B8-49D0-4951-9511-74152FEC8A3F}.Release|Any CPU.Build.0 = Release|Any CPU
		{84EF736D-8B49-4B8B-8319-E28B71B483D2}.Debug|Any CPU.ActiveCfg = Debug|Any CPU
		{84EF736D-8B49-4B8B-8319-E28B71B483D2}.Debug|Any CPU.Build.0 = Debug|Any CPU
		{84EF736D-8B49-4B8B-8319-E28B71B483D2}.Release|Any CPU.ActiveCfg = Release|Any CPU
		{84EF736D-8B49-4B8B-8319-E28B71B483D2}.Release|Any CPU.Build.0 = Release|Any CPU
		{8E9BB031-53C2-4596-9263-9B6E2DE047AD}.Debug|Any CPU.ActiveCfg = Debug|Any CPU
		{8E9BB031-53C2-4596-9263-9B6E2DE047AD}.Debug|Any CPU.Build.0 = Debug|Any CPU
		{8E9BB031-53C2-4596-9263-9B6E2DE047AD}.Release|Any CPU.ActiveCfg = Release|Any CPU
		{8E9BB031-53C2-4596-9263-9B6E2DE047AD}.Release|Any CPU.Build.0 = Release|Any CPU
		{0A7B29AB-26C2-450E-BDDD-BA9630102056}.Debug|Any CPU.ActiveCfg = Debug|Any CPU
		{0A7B29AB-26C2-450E-BDDD-BA9630102056}.Debug|Any CPU.Build.0 = Debug|Any CPU
		{0A7B29AB-26C2-450E-BDDD-BA9630102056}.Release|Any CPU.ActiveCfg = Release|Any CPU
		{0A7B29AB-26C2-450E-BDDD-BA9630102056}.Release|Any CPU.Build.0 = Release|Any CPU
	EndGlobalSection
EndGlobal
